
Microsoft Visual Studio Solution File, Format Version 11.00
# Visual Basic Express 2010
Project("{F184B08F-C81C-45F6-A57F-5ABD9991F28F}") = "Lap Trainer", "Lap Trainer.vbproj", "{E1512643-B3D0-41AB-8178-97A150EC6D18}"
EndProject
Global
	GlobalSection(SolutionConfigurationPlatforms) = preSolution
		Debug|x86 = Debug|x86
		Release|x86 = Release|x86
	EndGlobalSection
	GlobalSection(ProjectConfigurationPlatforms) = postSolution
		{E1512643-B3D0-41AB-8178-97A150EC6D18}.Debug|x86.ActiveCfg = Debug|x86
		{E1512643-B3D0-41AB-8178-97A150EC6D18}.Debug|x86.Build.0 = Debug|x86
		{E1512643-B3D0-41AB-8178-97A150EC6D18}.Release|x86.ActiveCfg = Release|x86
		{E1512643-B3D0-41AB-8178-97A150EC6D18}.Release|x86.Build.0 = Release|x86
	EndGlobalSection
	GlobalSection(SolutionProperties) = preSolution
		HideSolutionNode = FALSE
	EndGlobalSection
EndGlobal
